<?xml version="1.0" encoding="utf-8"?>
<Project ToolsVersion="4.0" xmlns="http://schemas.microsoft.com/developer/msbuild/2003">
  <ItemGroup>
    <ClCompile Include="log.cpp">
      <Filter>Utils</Filter>
    </ClCompile>
    <ClCompile Include="Application.cpp">
      <Filter>Main\Source Files</Filter>
    </ClCompile>
    <ClCompile Include="Main.cpp">
      <Filter>Main\Source Files</Filter>
    </ClCompile>
    <ClCompile Include="ModuleInput.cpp">
      <Filter>Modules\Source Files</Filter>
    </ClCompile>
    <ClCompile Include="ModuleRender.cpp">
      <Filter>Modules\Source Files</Filter>
    </ClCompile>
    <ClCompile Include="ModuleTextures.cpp">
      <Filter>Modules\Source Files</Filter>
    </ClCompile>
    <ClCompile Include="ModuleWindow.cpp">
      <Filter>Modules\Source Files</Filter>
    </ClCompile>
  </ItemGroup>
  <ItemGroup>
    <ClInclude Include="Globals.h">
      <Filter>Main\Header Files</Filter>
    </ClInclude>
    <ClInclude Include="Application.h">
      <Filter>Main\Header Files</Filter>
    </ClInclude>
    <ClInclude Include="Module.h">
      <Filter>Modules\Header Files</Filter>
    </ClInclude>
    <ClInclude Include="ModuleInput.h">
      <Filter>Modules\Header Files</Filter>
    </ClInclude>
    <ClInclude Include="ModuleRender.h">
      <Filter>Modules\Header Files</Filter>
    </ClInclude>
    <ClInclude Include="ModuleTextures.h">
      <Filter>Modules\Header Files</Filter>
    </ClInclude>
    <ClInclude Include="ModuleWindow.h">
      <Filter>Modules\Header Files</Filter>
    </ClInclude>
  </ItemGroup>
  <ItemGroup>
    <Filter Include="Main">
      <UniqueIdentifier>{bb223214-a7d1-4c5c-bf62-664db421493f}</UniqueIdentifier>
    </Filter>
    <Filter Include="Main\Header Files">
      <UniqueIdentifier>{70aa57b7-3ea7-42f5-93c3-b2ff1e25cdb9}</UniqueIdentifier>
    </Filter>
    <Filter Include="Main\Source Files">
      <UniqueIdentifier>{6512b9a3-e65d-4497-9bf6-19900ced2279}</UniqueIdentifier>
    </Filter>
    <Filter Include="Modules">
      <UniqueIdentifier>{386c461f-604e-4994-9735-d696e1986677}</UniqueIdentifier>
    </Filter>
    <Filter Include="Modules\Header Files">
      <UniqueIdentifier>{8d493e9b-a9e6-4b4a-bc67-511323e679c9}</UniqueIdentifier>
    </Filter>
    <Filter Include="Modules\Source Files">
      <UniqueIdentifier>{919d1749-3b49-4dec-ae4e-f5d62d122224}</UniqueIdentifier>
    </Filter>
    <Filter Include="Utils">
      <UniqueIdentifier>{b9c3a295-121e-464d-98bd-9d4acc62e5ed}</UniqueIdentifier>
    </Filter>
    <Filter Include="Components">
      <UniqueIdentifier>{1dfbdaf6-4af3-43fa-87fa-b4ac9fc44c2c}</UniqueIdentifier>
    </Filter>
    <Filter Include="Components\GameObject">
      <UniqueIdentifier>{f2db3097-fc50-495f-8e53-b80d6f95ceb2}</UniqueIdentifier>
    </Filter>
    <Filter Include="Components\Header Files">
      <UniqueIdentifier>{e6ca1603-4e74-4977-ad21-3011d90dfece}</UniqueIdentifier>
    </Filter>
    <Filter Include="Components\Source Files">
      <UniqueIdentifier>{ad1d184a-2014-4dcd-af7b-4363d29b09f9}</UniqueIdentifier>
    </Filter>
  </ItemGroup>
</Project>